
Microsoft Visual Studio Solution File, Format Version 12.00
# Visual Studio Version 17
VisualStudioVersion = 17.2.32616.157
MinimumVisualStudioVersion = 10.0.40219.1
Project("{FAE04EC0-301F-11D3-BF4B-00C04F79EFBC}") = "Core", "Core\Core.csproj", "{927069F9-3168-4E33-BD72-04604B0DC9A5}"
EndProject
Project("{FAE04EC0-301F-11D3-BF4B-00C04F79EFBC}") = "DataAccess", "DataAccess\DataAccess.csproj", "{0EEE6CA6-675B-4BF8-AF1A-729C6178DD6E}"
EndProject
Project("{FAE04EC0-301F-11D3-BF4B-00C04F79EFBC}") = "Web", "Web\Web.csproj", "{B891CE6F-B333-4965-BA12-9F9F503A7F2E}"
EndProject
Global
	GlobalSection(SolutionConfigurationPlatforms) = preSolution
		Debug|Any CPU = Debug|Any CPU
		Release|Any CPU = Release|Any CPU
	EndGlobalSection
	GlobalSection(ProjectConfigurationPlatforms) = postSolution
		{927069F9-3168-4E33-BD72-04604B0DC9A5}.Debug|Any CPU.ActiveCfg = Debug|Any CPU
		{927069F9-3168-4E33-BD72-04604B0DC9A5}.Debug|Any CPU.Build.0 = Debug|Any CPU
		{927069F9-3168-4E33-BD72-04604B0DC9A5}.Release|Any CPU.ActiveCfg = Release|Any CPU
		{927069F9-3168-4E33-BD72-04604B0DC9A5}.Release|Any CPU.Build.0 = Release|Any CPU
		{0EEE6CA6-675B-4BF8-AF1A-729C6178DD6E}.Debug|Any CPU.ActiveCfg = Debug|Any CPU
		{0EEE6CA6-675B-4BF8-AF1A-729C6178DD6E}.Debug|Any CPU.Build.0 = Debug|Any CPU
		{0EEE6CA6-675B-4BF8-AF1A-729C6178DD6E}.Release|Any CPU.ActiveCfg = Release|Any CPU
		{0EEE6CA6-675B-4BF8-AF1A-729C6178DD6E}.Release|Any CPU.Build.0 = Release|Any CPU
		{B891CE6F-B333-4965-BA12-9F9F503A7F2E}.Debug|Any CPU.ActiveCfg = Debug|Any CPU
		{B891CE6F-B333-4965-BA12-9F9F503A7F2E}.Debug|Any CPU.Build.0 = Debug|Any CPU
		{B891CE6F-B333-4965-BA12-9F9F503A7F2E}.Release|Any CPU.ActiveCfg = Release|Any CPU
		{B891CE6F-B333-4965-BA12-9F9F503A7F2E}.Release|Any CPU.Build.0 = Release|Any CPU
	EndGlobalSection
	GlobalSection(SolutionProperties) = preSolution
		HideSolutionNode = FALSE
	EndGlobalSection
	GlobalSection(ExtensibilityGlobals) = postSolution
		SolutionGuid = {1E3ABE30-AF65-4FE6-81EB-944B09975775}
	EndGlobalSection
EndGlobal
